
Microsoft Visual Studio Solution File, Format Version 12.00
Project("{FAE04EC0-301F-11D3-BF4B-00C04F79EFBC}") = "ThirdMillennium.Utility.OsdpSpy", "ThirdMillennium.Utility.OsdpSpy\ThirdMillennium.Utility.OsdpSpy.csproj", "{42E3582E-4ABD-48B5-A9FD-8A612DD4AF4C}"
EndProject
Project("{FAE04EC0-301F-11D3-BF4B-00C04F79EFBC}") = "ThirdMillennium.Annotations", "..\..\..\Libraries\NETStandard\ThirdMillennium.Annotations\ThirdMillennium.Annotations\ThirdMillennium.Annotations.csproj", "{11AD77AC-AA33-45C4-9537-A7E6D162577B}"
EndProject
Global
	GlobalSection(SolutionConfigurationPlatforms) = preSolution
		Debug|Any CPU = Debug|Any CPU
		Release|Any CPU = Release|Any CPU
	EndGlobalSection
	GlobalSection(ProjectConfigurationPlatforms) = postSolution
		{42E3582E-4ABD-48B5-A9FD-8A612DD4AF4C}.Debug|Any CPU.ActiveCfg = Debug|Any CPU
		{42E3582E-4ABD-48B5-A9FD-8A612DD4AF4C}.Debug|Any CPU.Build.0 = Debug|Any CPU
		{42E3582E-4ABD-48B5-A9FD-8A612DD4AF4C}.Release|Any CPU.ActiveCfg = Release|Any CPU
		{42E3582E-4ABD-48B5-A9FD-8A612DD4AF4C}.Release|Any CPU.Build.0 = Release|Any CPU
		{11AD77AC-AA33-45C4-9537-A7E6D162577B}.Debug|Any CPU.ActiveCfg = Debug|Any CPU
		{11AD77AC-AA33-45C4-9537-A7E6D162577B}.Debug|Any CPU.Build.0 = Debug|Any CPU
		{11AD77AC-AA33-45C4-9537-A7E6D162577B}.Release|Any CPU.ActiveCfg = Release|Any CPU
		{11AD77AC-AA33-45C4-9537-A7E6D162577B}.Release|Any CPU.Build.0 = Release|Any CPU
	EndGlobalSection
EndGlobal
